// !$*UTF8*$!
{
	archiveVersion = 1;
	classes = {
	};
	objectVersion = 46;
	objects = {

/* Begin PBXBuildFile section */
		83230C8B1E476B99005BA364 /* AppDelegate.swift in Sources */ = {isa = PBXBuildFile; fileRef = 83230C8A1E476B99005BA364 /* AppDelegate.swift */; };
		83230C8D1E476B99005BA364 /* GPXViewController.swift in Sources */ = {isa = PBXBuildFile; fileRef = 83230C8C1E476B99005BA364 /* GPXViewController.swift */; };
		83230C901E476B99005BA364 /* Main.storyboard in Resources */ = {isa = PBXBuildFile; fileRef = 83230C8E1E476B99005BA364 /* Main.storyboard */; };
		83230C921E476B99005BA364 /* Assets.xcassets in Resources */ = {isa = PBXBuildFile; fileRef = 83230C911E476B99005BA364 /* Assets.xcassets */; };
		83230C951E476B99005BA364 /* LaunchScreen.storyboard in Resources */ = {isa = PBXBuildFile; fileRef = 83230C931E476B99005BA364 /* LaunchScreen.storyboard */; };
		83230C9E1E476E1C005BA364 /* GPX.swift in Sources */ = {isa = PBXBuildFile; fileRef = 83230C9D1E476E1C005BA364 /* GPX.swift */; };
		83230CA01E476F8B005BA364 /* MKGPX.swift in Sources */ = {isa = PBXBuildFile; fileRef = 83230C9F1E476F8B005BA364 /* MKGPX.swift */; };
		83230CA21E47B0A8005BA364 /* ImageViewController.swift in Sources */ = {isa = PBXBuildFile; fileRef = 83230CA11E47B0A8005BA364 /* ImageViewController.swift */; };
/* End PBXBuildFile section */

/* Begin PBXFileReference section */
		83230C871E476B99005BA364 /* Trax.app */ = {isa = PBXFileReference; explicitFileType = wrapper.application; includeInIndex = 0; path = Trax.app; sourceTree = BUILT_PRODUCTS_DIR; };
		83230C8A1E476B99005BA364 /* AppDelegate.swift */ = {isa = PBXFileReference; lastKnownFileType = sourcecode.swift; path = AppDelegate.swift; sourceTree = "<group>"; };
		83230C8C1E476B99005BA364 /* GPXViewController.swift */ = {isa = PBXFileReference; lastKnownFileType = sourcecode.swift; path = GPXViewController.swift; sourceTree = "<group>"; };
		83230C8F1E476B99005BA364 /* Base */ = {isa = PBXFileReference; lastKnownFileType = file.storyboard; name = Base; path = Base.lproj/Main.storyboard; sourceTree = "<group>"; };
		83230C911E476B99005BA364 /* Assets.xcassets */ = {isa = PBXFileReference; lastKnownFileType = folder.assetcatalog; path = Assets.xcassets; sourceTree = "<group>"; };
		83230C941E476B99005BA364 /* Base */ = {isa = PBXFileReference; lastKnownFileType = file.storyboard; name = Base; path = Base.lproj/LaunchScreen.storyboard; sourceTree = "<group>"; };
		83230C961E476B99005BA364 /* Info.plist */ = {isa = PBXFileReference; lastKnownFileType = text.plist.xml; path = Info.plist; sourceTree = "<group>"; };
		83230C9D1E476E1C005BA364 /* GPX.swift */ = {isa = PBXFileReference; fileEncoding = 4; lastKnownFileType = sourcecode.swift; path = GPX.swift; sourceTree = "<group>"; };
		83230C9F1E476F8B005BA364 /* MKGPX.swift */ = {isa = PBXFileReference; fileEncoding = 4; lastKnownFileType = sourcecode.swift; path = MKGPX.swift; sourceTree = "<group>"; };
		83230CA11E47B0A8005BA364 /* ImageViewController.swift */ = {isa = PBXFileReference; fileEncoding = 4; lastKnownFileType = sourcecode.swift; path = ImageViewController.swift; sourceTree = "<group>"; };
/* End PBXFileReference section */

/* Begin PBXFrameworksBuildPhase section */
		83230C841E476B99005BA364 /* Frameworks */ = {
			isa = PBXFrameworksBuildPhase;
			buildActionMask = 2147483647;
			files = (
			);
			runOnlyForDeploymentPostprocessing = 0;
		};
/* End PBXFrameworksBuildPhase section */

/* Begin PBXGroup section */
		83230C7E1E476B99005BA364 = {
			isa = PBXGroup;
			children = (
				83230C891E476B99005BA364 /* Trax */,
				83230C881E476B99005BA364 /* Products */,
			);
			sourceTree = "<group>";
		};
		83230C881E476B99005BA364 /* Products */ = {
			isa = PBXGroup;
			children = (
				83230C871E476B99005BA364 /* Trax.app */,
			);
			name = Products;
			sourceTree = "<group>";
		};
		83230C891E476B99005BA364 /* Trax */ = {
			isa = PBXGroup;
			children = (
				83230C9C1E476C5B005BA364 /* Supporting Files */,
				83230C8C1E476B99005BA364 /* GPXViewController.swift */,
				83230C8E1E476B99005BA364 /* Main.storyboard */,
				83230C9D1E476E1C005BA364 /* GPX.swift */,
				83230C9F1E476F8B005BA364 /* MKGPX.swift */,
				83230CA11E47B0A8005BA364 /* ImageViewController.swift */,
			);
			path = Trax;
			sourceTree = "<group>";
		};
		83230C9C1E476C5B005BA364 /* Supporting Files */ = {
			isa = PBXGroup;
			children = (
				83230C8A1E476B99005BA364 /* AppDelegate.swift */,
				83230C911E476B99005BA364 /* Assets.xcassets */,
				83230C931E476B99005BA364 /* LaunchScreen.storyboard */,
				83230C961E476B99005BA364 /* Info.plist */,
			);
			name = "Supporting Files";
			sourceTree = "<group>";
		};
/* End PBXGroup section */

/* Begin PBXNativeTarget section */
		83230C861E476B99005BA364 /* Trax */ = {
			isa = PBXNativeTarget;
			buildConfigurationList = 83230C991E476B99005BA364 /* Build configuration list for PBXNativeTarget "Trax" */;
			buildPhases = (
				83230C831E476B99005BA364 /* Sources */,
				83230C841E476B99005BA364 /* Frameworks */,
				83230C851E476B99005BA364 /* Resources */,
			);
			buildRules = (
			);
			dependencies = (
			);
			name = Trax;
			productName = Trax;
			productReference = 83230C871E476B99005BA364 /* Trax.app */;
			productType = "com.apple.product-type.application";
		};
/* End PBXNativeTarget section */

/* Begin PBXProject section */
		83230C7F1E476B99005BA364 /* Project object */ = {
			isa = PBXProject;
			attributes = {
				LastSwiftUpdateCheck = 0820;
				LastUpgradeCheck = 0820;
				ORGANIZATIONNAME = "Stanford University";
				TargetAttributes = {
					83230C861E476B99005BA364 = {
						CreatedOnToolsVersion = 8.2.1;
						DevelopmentTeam = DSA52NNTU2;
						ProvisioningStyle = Automatic;
					};
				};
			};
			buildConfigurationList = 83230C821E476B99005BA364 /* Build configuration list for PBXProject "Trax" */;
			compatibilityVersion = "Xcode 3.2";
			developmentRegion = English;
			hasScannedForEncodings = 0;
			knownRegions = (
				en,
				Base,
			);
			mainGroup = 83230C7E1E476B99005BA364;
			productRefGroup = 83230C881E476B99005BA364 /* Products */;
			projectDirPath = "";
			projectRoot = "";
			targets = (
				83230C861E476B99005BA364 /* Trax */,
			);
		};
/* End PBXProject section */

/* Begin PBXResourcesBuildPhase section */
		83230C851E476B99005BA364 /* Resources */ = {
			isa = PBXResourcesBuildPhase;
			buildActionMask = 2147483647;
			files = (
				83230C951E476B99005BA364 /* LaunchScreen.storyboard in Resources */,
				83230C921E476B99005BA364 /* Assets.xcassets in Resources */,
				83230C901E476B99005BA364 /* Main.storyboard in Resources */,
			);
			runOnlyForDeploymentPostprocessing = 0;
		};
/* End PBXResourcesBuildPhase section */

/* Begin PBXSourcesBuildPhase section */
		83230C831E476B99005BA364 /* Sources */ = {
			isa = PBXSourcesBuildPhase;
			buildActionMask = 2147483647;
			files = (
				83230C8D1E476B99005BA364 /* GPXViewController.swift in Sources */,
				83230CA01E476F8B005BA364 /* MKGPX.swift in Sources */,
				83230CA21E47B0A8005BA364 /* ImageViewController.swift in Sources */,
				83230C8B1E476B99005BA364 /* AppDelegate.swift in Sources */,
				83230C9E1E476E1C005BA364 /* GPX.swift in Sources */,
			);
			runOnlyForDeploymentPostprocessing = 0;
		};
/* End PBXSourcesBuildPhase section */

/* Begin PBXVariantGroup section */
		83230C8E1E476B99005BA364 /* Main.storyboard */ = {
			isa = PBXVariantGroup;
			children = (
				83230C8F1E476B99005BA364 /* Base */,
			);
			name = Main.storyboard;
			sourceTree = "<group>";
		};
		83230C931E476B99005BA364 /* LaunchScreen.storyboard */ = {
			isa = PBXVariantGroup;
			children = (
				83230C941E476B99005BA364 /* Base */,
			);
			name = LaunchScreen.storyboard;
			sourceTree = "<group>";
		};
/* End PBXVariantGroup section */

/* Begin XCBuildConfiguration section */
		83230C971E476B99005BA364 /* Debug */ = {
			isa = XCBuildConfiguration;
			buildSettings = {
				ALWAYS_SEARCH_USER_PATHS = NO;
				CLANG_ANALYZER_NONNULL = YES;
				CLANG_CXX_LANGUAGE_STANDARD = "gnu++0x";
				CLANG_CXX_LIBRARY = "libc++";
				CLANG_ENABLE_MODULES = YES;
				CLANG_ENABLE_OBJC_ARC = YES;
				CLANG_WARN_BOOL_CONVERSION = YES;
				CLANG_WARN_CONSTANT_CONVERSION = YES;
				CLANG_WARN_DIRECT_OBJC_ISA_USAGE = YES_ERROR;
				CLANG_WARN_DOCUMENTATION_COMMENTS = YES;
				CLANG_WARN_EMPTY_BODY = YES;
				CLANG_WARN_ENUM_CONVERSION = YES;
				CLANG_WARN_INFINITE_RECURSION = YES;
				CLANG_WARN_INT_CONVERSION = YES;
				CLANG_WARN_OBJC_ROOT_CLASS = YES_ERROR;
				CLANG_WARN_SUSPICIOUS_MOVE = YES;
				CLANG_WARN_UNREACHABLE_CODE = YES;
				CLANG_WARN__DUPLICATE_METHOD_MATCH = YES;
				"CODE_SIGN_IDENTITY[sdk=iphoneos*]" = "iPhone Developer";
				COPY_PHASE_STRIP = NO;
				DEBUG_INFORMATION_FORMAT = dwarf;
				ENABLE_STRICT_OBJC_MSGSEND = YES;
				ENABLE_TESTABILITY = YES;
				GCC_C_LANGUAGE_STANDARD = gnu99;
				GCC_DYNAMIC_NO_PIC = NO;
				GCC_NO_COMMON_BLOCKS = YES;
				GCC_OPTIMIZATION_LEVEL = 0;
				GCC_PREPROCESSOR_DEFINITIONS = (
					"DEBUG=1",
					"$(inherited)",
				);
				GCC_WARN_64_TO_32_BIT_CONVERSION = YES;
				GCC_WARN_ABOUT_RETURN_TYPE = YES_ERROR;
				GCC_WARN_UNDECLARED_SELECTOR = YES;
				GCC_WARN_UNINITIALIZED_AUTOS = YES_AGGRESSIVE;
				GCC_WARN_UNUSED_FUNCTION = YES;
				GCC_WARN_UNUSED_VARIABLE = YES;
				IPHONEOS_DEPLOYMENT_TARGET = 10.2;
				MTL_ENABLE_DEBUG_INFO = YES;
				ONLY_ACTIVE_ARCH = YES;
				SDKROOT = iphoneos;
				SWIFT_ACTIVE_COMPILATION_CONDITIONS = DEBUG;
				SWIFT_OPTIMIZATION_LEVEL = "-Onone";
				TARGETED_DEVICE_FAMILY = "1,2";
			};
			name = Debug;
		};
		83230C981E476B99005BA364 /* Release */ = {
			isa = XCBuildConfiguration;
			buildSettings = {
				ALWAYS_SEARCH_USER_PATHS = NO;
				CLANG_ANALYZER_NONNULL = YES;
				CLANG_CXX_LANGUAGE_STANDARD = "gnu++0x";
				CLANG_CXX_LIBRARY = "libc++";
				CLANG_ENABLE_MODULES = YES;
				CLANG_ENABLE_OBJC_ARC = YES;
				CLANG_WARN_BOOL_CONVERSION = YES;
				CLANG_WARN_CONSTANT_CONVERSION = YES;
				CLANG_WARN_DIRECT_OBJC_ISA_USAGE = YES_ERROR;
				CLANG_WARN_DOCUMENTATION_COMMENTS = YES;
				CLANG_WARN_EMPTY_BODY = YES;
				CLANG_WARN_ENUM_CONVERSION = YES;
				CLANG_WARN_INFINITE_RECURSION = YES;
				CLANG_WARN_INT_CONVERSION = YES;
				CLANG_WARN_OBJC_ROOT_CLASS = YES_ERROR;
				CLANG_WARN_SUSPICIOUS_MOVE = YES;
				CLANG_WARN_UNREACHABLE_CODE = YES;
				CLANG_WARN__DUPLICATE_METHOD_MATCH = YES;
				"CODE_SIGN_IDENTITY[sdk=iphoneos*]" = "iPhone Developer";
				COPY_PHASE_STRIP = NO;
				DEBUG_INFORMATION_FORMAT = "dwarf-with-dsym";
				ENABLE_NS_ASSERTIONS = NO;
				ENABLE_STRICT_OBJC_MSGSEND = YES;
				GCC_C_LANGUAGE_STANDARD = gnu99;
				GCC_NO_COMMON_BLOCKS = YES;
				GCC_WARN_64_TO_32_BIT_CONVERSION = YES;
				GCC_WARN_ABOUT_RETURN_TYPE = YES_ERROR;
				GCC_WARN_UNDECLARED_SELECTOR = YES;
				GCC_WARN_UNINITIALIZED_AUTOS = YES_AGGRESSIVE;
				GCC_WARN_UNUSED_FUNCTION = YES;
				GCC_WARN_UNUSED_VARIABLE = YES;
				IPHONEOS_DEPLOYMENT_TARGET = 10.2;
				MTL_ENABLE_DEBUG_INFO = NO;
				SDKROOT = iphoneos;
				SWIFT_OPTIMIZATION_LEVEL = "-Owholemodule";
				TARGETED_DEVICE_FAMILY = "1,2";
				VALIDATE_PRODUCT = YES;
			};
			name = Release;
		};
		83230C9A1E476B99005BA364 /* Debug */ = {
			isa = XCBuildConfiguration;
			buildSettings = {
				ASSETCATALOG_COMPILER_APPICON_NAME = AppIcon;
				DEVELOPMENT_TEAM = DSA52NNTU2;
				INFOPLIST_FILE = Trax/Info.plist;
				LD_RUNPATH_SEARCH_PATHS = "$(inherited) @executable_path/Frameworks";
				PRODUCT_BUNDLE_IDENTIFIER = edu.stanford.cs193p.chanhnguyen.Trax;
				PRODUCT_NAME = "$(TARGET_NAME)";
				SWIFT_VERSION = 3.0;
			};
			name = Debug;
		};
		83230C9B1E476B99005BA364 /* Release */ = {
			isa = XCBuildConfiguration;
			buildSettings = {
				ASSETCATALOG_COMPILER_APPICON_NAME = AppIcon;
				DEVELOPMENT_TEAM = DSA52NNTU2;
				INFOPLIST_FILE = Trax/Info.plist;
				LD_RUNPATH_SEARCH_PATHS = "$(inherited) @executable_path/Frameworks";
				PRODUCT_BUNDLE_IDENTIFIER = edu.stanford.cs193p.chanhnguyen.Trax;
				PRODUCT_NAME = "$(TARGET_NAME)";
				SWIFT_VERSION = 3.0;
			};
			name = Release;
		};
/* End XCBuildConfiguration section */

/* Begin XCConfigurationList section */
		83230C821E476B99005BA364 /* Build configuration list for PBXProject "Trax" */ = {
			isa = XCConfigurationList;
			buildConfigurations = (
				83230C971E476B99005BA364 /* Debug */,
				83230C981E476B99005BA364 /* Release */,
			);
			defaultConfigurationIsVisible = 0;
			defaultConfigurationName = Release;
		};
		83230C991E476B99005BA364 /* Build configuration list for PBXNativeTarget "Trax" */ = {
			isa = XCConfigurationList;
			buildConfigurations = (
				83230C9A1E476B99005BA364 /* Debug */,
				83230C9B1E476B99005BA364 /* Release */,
			);
			defaultConfigurationIsVisible = 0;
		};
/* End XCConfigurationList section */
	};
	rootObject = 83230C7F1E476B99005BA364 /* Project object */;
}
